
Microsoft Visual Studio Solution File, Format Version 12.00
# Visual Studio 15
VisualStudioVersion = 15.0.28307.168
MinimumVisualStudioVersion = 10.0.40219.1
Project("{159641D6-6404-4A2A-AE62-294DE0FE8301}") = "Project", "Project\Project.dtproj", "{47A4125E-8732-4B41-AD78-47FAF209F993}"
EndProject
Global
	GlobalSection(SolutionConfigurationPlatforms) = preSolution
		Development|Default = Development|Default
	EndGlobalSection
	GlobalSection(ProjectConfigurationPlatforms) = postSolution
		{47A4125E-8732-4B41-AD78-47FAF209F993}.Development|Default.ActiveCfg = Development
		{47A4125E-8732-4B41-AD78-47FAF209F993}.Development|Default.Build.0 = Development
	EndGlobalSection
	GlobalSection(SolutionProperties) = preSolution
		HideSolutionNode = FALSE
	EndGlobalSection
	GlobalSection(ExtensibilityGlobals) = postSolution
		SolutionGuid = {073E6C1A-10FF-4EB7-849F-DA5DD696FD45}
	EndGlobalSection
EndGlobal
